
Microsoft Visual Studio Solution File, Format Version 12.00
# Visual Studio Version 17
VisualStudioVersion = 17.7.34031.279
MinimumVisualStudioVersion = 10.0.40219.1
Project("{FAE04EC0-301F-11D3-BF4B-00C04F79EFBC}") = "Lista", "Lista\Lista.csproj", "{EB698D4C-DF6E-4165-A3C9-D61B09EC009C}"
EndProject
Global
	GlobalSection(SolutionConfigurationPlatforms) = preSolution
		Debug|Any CPU = Debug|Any CPU
		Release|Any CPU = Release|Any CPU
	EndGlobalSection
	GlobalSection(ProjectConfigurationPlatforms) = postSolution
		{EB698D4C-DF6E-4165-A3C9-D61B09EC009C}.Debug|Any CPU.ActiveCfg = Debug|Any CPU
		{EB698D4C-DF6E-4165-A3C9-D61B09EC009C}.Debug|Any CPU.Build.0 = Debug|Any CPU
		{EB698D4C-DF6E-4165-A3C9-D61B09EC009C}.Release|Any CPU.ActiveCfg = Release|Any CPU
		{EB698D4C-DF6E-4165-A3C9-D61B09EC009C}.Release|Any CPU.Build.0 = Release|Any CPU
	EndGlobalSection
	GlobalSection(SolutionProperties) = preSolution
		HideSolutionNode = FALSE
	EndGlobalSection
	GlobalSection(ExtensibilityGlobals) = postSolution
		SolutionGuid = {965ED9E2-59FA-4456-A297-98FE96448D81}
	EndGlobalSection
EndGlobal
